// !$*UTF8*$!
{
	archiveVersion = 1;
	classes = {
	};
	objectVersion = 50;
	objects = {

/* Begin PBXBuildFile section */
		196874ADCC34FABBF4BE1746 /* Pods_LoginModule.framework in Frameworks */ = {isa = PBXBuildFile; fileRef = 29752A6674B5201748C0DB9B /* Pods_LoginModule.framework */; };
		83F3FDF81F4A6C6F0868CC9A /* Pods_LoginModuleTests.framework in Frameworks */ = {isa = PBXBuildFile; fileRef = CA2B4C140C5B2C0DC0D1B92A /* Pods_LoginModuleTests.framework */; };
		EB07BF2C21A7037600958158 /* AppDelegate.swift in Sources */ = {isa = PBXBuildFile; fileRef = EB07BF2B21A7037600958158 /* AppDelegate.swift */; };
		EB07BF2E21A7037600958158 /* ViewController.swift in Sources */ = {isa = PBXBuildFile; fileRef = EB07BF2D21A7037600958158 /* ViewController.swift */; };
		EB07BF3121A7037600958158 /* Main.storyboard in Resources */ = {isa = PBXBuildFile; fileRef = EB07BF2F21A7037600958158 /* Main.storyboard */; };
		EB07BF3321A7037800958158 /* Assets.xcassets in Resources */ = {isa = PBXBuildFile; fileRef = EB07BF3221A7037800958158 /* Assets.xcassets */; };
		EB07BF3621A7037800958158 /* LaunchScreen.storyboard in Resources */ = {isa = PBXBuildFile; fileRef = EB07BF3421A7037800958158 /* LaunchScreen.storyboard */; };
		EB07BF4121A7037800958158 /* LoginModuleTests.swift in Sources */ = {isa = PBXBuildFile; fileRef = EB07BF4021A7037800958158 /* LoginModuleTests.swift */; };
		EB07BF5121A814B500958158 /* LoginProtocols.swift in Sources */ = {isa = PBXBuildFile; fileRef = EB07BF5021A814B500958158 /* LoginProtocols.swift */; };
		EB07BF5321A8152800958158 /* LoginViewController.swift in Sources */ = {isa = PBXBuildFile; fileRef = EB07BF5221A8152800958158 /* LoginViewController.swift */; };
		EB07BF5521A8153800958158 /* LoginPresenter.swift in Sources */ = {isa = PBXBuildFile; fileRef = EB07BF5421A8153800958158 /* LoginPresenter.swift */; };
		EB07BF5721A8154800958158 /* LoginInteractor.swift in Sources */ = {isa = PBXBuildFile; fileRef = EB07BF5621A8154800958158 /* LoginInteractor.swift */; };
		EB07BF5921A8155600958158 /* LoginEntities.swift in Sources */ = {isa = PBXBuildFile; fileRef = EB07BF5821A8155600958158 /* LoginEntities.swift */; };
		EB07BF5B21A8156200958158 /* LoginRouter.swift in Sources */ = {isa = PBXBuildFile; fileRef = EB07BF5A21A8156200958158 /* LoginRouter.swift */; };
		EB07BF5D21A8167F00958158 /* LoginViewController.xib in Resources */ = {isa = PBXBuildFile; fileRef = EB07BF5C21A8167F00958158 /* LoginViewController.xib */; };
		EB74111721ABFE5F0033A6F3 /* GoogleService-Info.plist in Resources */ = {isa = PBXBuildFile; fileRef = EB74111621ABFE5F0033A6F3 /* GoogleService-Info.plist */; };
		EB7C2C5F21AD96DB00CB9B70 /* LoginModel.swift in Sources */ = {isa = PBXBuildFile; fileRef = EB7C2C5E21AD96DB00CB9B70 /* LoginModel.swift */; };
		EBA0CE1621A847460090BB83 /* FirebaseInteractor.swift in Sources */ = {isa = PBXBuildFile; fileRef = EBA0CE1521A847460090BB83 /* FirebaseInteractor.swift */; };
		EBA0CE1821A847530090BB83 /* FirebaseRouter.swift in Sources */ = {isa = PBXBuildFile; fileRef = EBA0CE1721A847530090BB83 /* FirebaseRouter.swift */; };
		EBA0CE1A21A847620090BB83 /* FirebaseProtocols.swift in Sources */ = {isa = PBXBuildFile; fileRef = EBA0CE1921A847620090BB83 /* FirebaseProtocols.swift */; };
		EBA5C7A921B41AFD00C18A28 /* ErrorResources.swift in Sources */ = {isa = PBXBuildFile; fileRef = EBA5C7A821B41AFD00C18A28 /* ErrorResources.swift */; };
		EBC74B0621B0594400D0D33A /* ErrorViewController.swift in Sources */ = {isa = PBXBuildFile; fileRef = EBC74B0521B0594400D0D33A /* ErrorViewController.swift */; };
		EBC74B0821B0595100D0D33A /* ErrorPresenter.swift in Sources */ = {isa = PBXBuildFile; fileRef = EBC74B0721B0595100D0D33A /* ErrorPresenter.swift */; };
		EBC74B0C21B0597200D0D33A /* ErrorRouter.swift in Sources */ = {isa = PBXBuildFile; fileRef = EBC74B0B21B0597200D0D33A /* ErrorRouter.swift */; };
		EBC74B0E21B059B400D0D33A /* ErrorViewController.xib in Resources */ = {isa = PBXBuildFile; fileRef = EBC74B0D21B059B400D0D33A /* ErrorViewController.xib */; };
		EBC74B1021B05B4300D0D33A /* ErrorProtocols.swift in Sources */ = {isa = PBXBuildFile; fileRef = EBC74B0F21B05B4300D0D33A /* ErrorProtocols.swift */; };
		EBC74B1221B05BD300D0D33A /* ErrorEntities.swift in Sources */ = {isa = PBXBuildFile; fileRef = EBC74B1121B05BD300D0D33A /* ErrorEntities.swift */; };
		EBC74B2321B2EE1F00D0D33A /* LoginResources.swift in Sources */ = {isa = PBXBuildFile; fileRef = EBC74B2221B2EE1F00D0D33A /* LoginResources.swift */; };
/* End PBXBuildFile section */

/* Begin PBXContainerItemProxy section */
		EB07BF3D21A7037800958158 /* PBXContainerItemProxy */ = {
			isa = PBXContainerItemProxy;
			containerPortal = EB07BF2021A7037600958158 /* Project object */;
			proxyType = 1;
			remoteGlobalIDString = EB07BF2721A7037600958158;
			remoteInfo = LoginModule;
		};
/* End PBXContainerItemProxy section */

/* Begin PBXFileReference section */
		11FC3D12251F5BA94EBFC458 /* Pods-LoginModuleTests.debug.xcconfig */ = {isa = PBXFileReference; includeInIndex = 1; lastKnownFileType = text.xcconfig; name = "Pods-LoginModuleTests.debug.xcconfig"; path = "Pods/Target Support Files/Pods-LoginModuleTests/Pods-LoginModuleTests.debug.xcconfig"; sourceTree = "<group>"; };
		29752A6674B5201748C0DB9B /* Pods_LoginModule.framework */ = {isa = PBXFileReference; explicitFileType = wrapper.framework; includeInIndex = 0; path = Pods_LoginModule.framework; sourceTree = BUILT_PRODUCTS_DIR; };
		53D982C225BC01A634C019BC /* Pods-LoginModuleTests.release.xcconfig */ = {isa = PBXFileReference; includeInIndex = 1; lastKnownFileType = text.xcconfig; name = "Pods-LoginModuleTests.release.xcconfig"; path = "Pods/Target Support Files/Pods-LoginModuleTests/Pods-LoginModuleTests.release.xcconfig"; sourceTree = "<group>"; };
		638137B8B4E205DEA5C28392 /* Pods-LoginModule.release.xcconfig */ = {isa = PBXFileReference; includeInIndex = 1; lastKnownFileType = text.xcconfig; name = "Pods-LoginModule.release.xcconfig"; path = "Pods/Target Support Files/Pods-LoginModule/Pods-LoginModule.release.xcconfig"; sourceTree = "<group>"; };
		BD38DCA349A52B6B2F2AC680 /* Pods-LoginModule.debug.xcconfig */ = {isa = PBXFileReference; includeInIndex = 1; lastKnownFileType = text.xcconfig; name = "Pods-LoginModule.debug.xcconfig"; path = "Pods/Target Support Files/Pods-LoginModule/Pods-LoginModule.debug.xcconfig"; sourceTree = "<group>"; };
		CA2B4C140C5B2C0DC0D1B92A /* Pods_LoginModuleTests.framework */ = {isa = PBXFileReference; explicitFileType = wrapper.framework; includeInIndex = 0; path = Pods_LoginModuleTests.framework; sourceTree = BUILT_PRODUCTS_DIR; };
		EB07BF2821A7037600958158 /* LoginModule.app */ = {isa = PBXFileReference; explicitFileType = wrapper.application; includeInIndex = 0; path = LoginModule.app; sourceTree = BUILT_PRODUCTS_DIR; };
		EB07BF2B21A7037600958158 /* AppDelegate.swift */ = {isa = PBXFileReference; lastKnownFileType = sourcecode.swift; path = AppDelegate.swift; sourceTree = "<group>"; };
		EB07BF2D21A7037600958158 /* ViewController.swift */ = {isa = PBXFileReference; lastKnownFileType = sourcecode.swift; path = ViewController.swift; sourceTree = "<group>"; };
		EB07BF3021A7037600958158 /* Base */ = {isa = PBXFileReference; lastKnownFileType = file.storyboard; name = Base; path = Base.lproj/Main.storyboard; sourceTree = "<group>"; };
		EB07BF3221A7037800958158 /* Assets.xcassets */ = {isa = PBXFileReference; lastKnownFileType = folder.assetcatalog; path = Assets.xcassets; sourceTree = "<group>"; };
		EB07BF3521A7037800958158 /* Base */ = {isa = PBXFileReference; lastKnownFileType = file.storyboard; name = Base; path = Base.lproj/LaunchScreen.storyboard; sourceTree = "<group>"; };
		EB07BF3721A7037800958158 /* Info.plist */ = {isa = PBXFileReference; lastKnownFileType = text.plist.xml; path = Info.plist; sourceTree = "<group>"; };
		EB07BF3C21A7037800958158 /* LoginModuleTests.xctest */ = {isa = PBXFileReference; explicitFileType = wrapper.cfbundle; includeInIndex = 0; path = LoginModuleTests.xctest; sourceTree = BUILT_PRODUCTS_DIR; };
		EB07BF4021A7037800958158 /* LoginModuleTests.swift */ = {isa = PBXFileReference; lastKnownFileType = sourcecode.swift; path = LoginModuleTests.swift; sourceTree = "<group>"; };
		EB07BF4221A7037800958158 /* Info.plist */ = {isa = PBXFileReference; lastKnownFileType = text.plist.xml; path = Info.plist; sourceTree = "<group>"; };
		EB07BF5021A814B500958158 /* LoginProtocols.swift */ = {isa = PBXFileReference; lastKnownFileType = sourcecode.swift; path = LoginProtocols.swift; sourceTree = "<group>"; };
		EB07BF5221A8152800958158 /* LoginViewController.swift */ = {isa = PBXFileReference; lastKnownFileType = sourcecode.swift; path = LoginViewController.swift; sourceTree = "<group>"; };
		EB07BF5421A8153800958158 /* LoginPresenter.swift */ = {isa = PBXFileReference; lastKnownFileType = sourcecode.swift; path = LoginPresenter.swift; sourceTree = "<group>"; };
		EB07BF5621A8154800958158 /* LoginInteractor.swift */ = {isa = PBXFileReference; lastKnownFileType = sourcecode.swift; path = LoginInteractor.swift; sourceTree = "<group>"; };
		EB07BF5821A8155600958158 /* LoginEntities.swift */ = {isa = PBXFileReference; lastKnownFileType = sourcecode.swift; path = LoginEntities.swift; sourceTree = "<group>"; };
		EB07BF5A21A8156200958158 /* LoginRouter.swift */ = {isa = PBXFileReference; lastKnownFileType = sourcecode.swift; path = LoginRouter.swift; sourceTree = "<group>"; };
		EB07BF5C21A8167F00958158 /* LoginViewController.xib */ = {isa = PBXFileReference; lastKnownFileType = file.xib; path = LoginViewController.xib; sourceTree = "<group>"; };
		EB74111621ABFE5F0033A6F3 /* GoogleService-Info.plist */ = {isa = PBXFileReference; fileEncoding = 4; lastKnownFileType = text.plist.xml; path = "GoogleService-Info.plist"; sourceTree = "<group>"; };
		EB7C2C5E21AD96DB00CB9B70 /* LoginModel.swift */ = {isa = PBXFileReference; lastKnownFileType = sourcecode.swift; path = LoginModel.swift; sourceTree = "<group>"; };
		EBA0CE1521A847460090BB83 /* FirebaseInteractor.swift */ = {isa = PBXFileReference; lastKnownFileType = sourcecode.swift; path = FirebaseInteractor.swift; sourceTree = "<group>"; };
		EBA0CE1721A847530090BB83 /* FirebaseRouter.swift */ = {isa = PBXFileReference; lastKnownFileType = sourcecode.swift; path = FirebaseRouter.swift; sourceTree = "<group>"; };
		EBA0CE1921A847620090BB83 /* FirebaseProtocols.swift */ = {isa = PBXFileReference; lastKnownFileType = sourcecode.swift; path = FirebaseProtocols.swift; sourceTree = "<group>"; };
		EBA5C7A821B41AFD00C18A28 /* ErrorResources.swift */ = {isa = PBXFileReference; lastKnownFileType = sourcecode.swift; path = ErrorResources.swift; sourceTree = "<group>"; };
		EBC74B0521B0594400D0D33A /* ErrorViewController.swift */ = {isa = PBXFileReference; lastKnownFileType = sourcecode.swift; path = ErrorViewController.swift; sourceTree = "<group>"; };
		EBC74B0721B0595100D0D33A /* ErrorPresenter.swift */ = {isa = PBXFileReference; lastKnownFileType = sourcecode.swift; path = ErrorPresenter.swift; sourceTree = "<group>"; };
		EBC74B0B21B0597200D0D33A /* ErrorRouter.swift */ = {isa = PBXFileReference; lastKnownFileType = sourcecode.swift; path = ErrorRouter.swift; sourceTree = "<group>"; };
		EBC74B0D21B059B400D0D33A /* ErrorViewController.xib */ = {isa = PBXFileReference; lastKnownFileType = file.xib; path = ErrorViewController.xib; sourceTree = "<group>"; };
		EBC74B0F21B05B4300D0D33A /* ErrorProtocols.swift */ = {isa = PBXFileReference; lastKnownFileType = sourcecode.swift; path = ErrorProtocols.swift; sourceTree = "<group>"; };
		EBC74B1121B05BD300D0D33A /* ErrorEntities.swift */ = {isa = PBXFileReference; lastKnownFileType = sourcecode.swift; path = ErrorEntities.swift; sourceTree = "<group>"; };
		EBC74B2221B2EE1F00D0D33A /* LoginResources.swift */ = {isa = PBXFileReference; lastKnownFileType = sourcecode.swift; path = LoginResources.swift; sourceTree = "<group>"; };
/* End PBXFileReference section */

/* Begin PBXFrameworksBuildPhase section */
		EB07BF2521A7037600958158 /* Frameworks */ = {
			isa = PBXFrameworksBuildPhase;
			buildActionMask = 2147483647;
			files = (
				196874ADCC34FABBF4BE1746 /* Pods_LoginModule.framework in Frameworks */,
			);
			runOnlyForDeploymentPostprocessing = 0;
		};
		EB07BF3921A7037800958158 /* Frameworks */ = {
			isa = PBXFrameworksBuildPhase;
			buildActionMask = 2147483647;
			files = (
				83F3FDF81F4A6C6F0868CC9A /* Pods_LoginModuleTests.framework in Frameworks */,
			);
			runOnlyForDeploymentPostprocessing = 0;
		};
/* End PBXFrameworksBuildPhase section */

/* Begin PBXGroup section */
		27A2836FAD5A9CAF9435F96F /* Pods */ = {
			isa = PBXGroup;
			children = (
				BD38DCA349A52B6B2F2AC680 /* Pods-LoginModule.debug.xcconfig */,
				638137B8B4E205DEA5C28392 /* Pods-LoginModule.release.xcconfig */,
				11FC3D12251F5BA94EBFC458 /* Pods-LoginModuleTests.debug.xcconfig */,
				53D982C225BC01A634C019BC /* Pods-LoginModuleTests.release.xcconfig */,
			);
			name = Pods;
			sourceTree = "<group>";
		};
		2E0C1ED5799CD7B6B6124EAD /* Frameworks */ = {
			isa = PBXGroup;
			children = (
				29752A6674B5201748C0DB9B /* Pods_LoginModule.framework */,
				CA2B4C140C5B2C0DC0D1B92A /* Pods_LoginModuleTests.framework */,
			);
			name = Frameworks;
			sourceTree = "<group>";
		};
		EB07BF1F21A7037600958158 = {
			isa = PBXGroup;
			children = (
				EB07BF2A21A7037600958158 /* LoginModule */,
				EB07BF3F21A7037800958158 /* LoginModuleTests */,
				EB07BF2921A7037600958158 /* Products */,
				27A2836FAD5A9CAF9435F96F /* Pods */,
				2E0C1ED5799CD7B6B6124EAD /* Frameworks */,
			);
			sourceTree = "<group>";
		};
		EB07BF2921A7037600958158 /* Products */ = {
			isa = PBXGroup;
			children = (
				EB07BF2821A7037600958158 /* LoginModule.app */,
				EB07BF3C21A7037800958158 /* LoginModuleTests.xctest */,
			);
			name = Products;
			sourceTree = "<group>";
		};
		EB07BF2A21A7037600958158 /* LoginModule */ = {
			isa = PBXGroup;
			children = (
				EBC74AFF21B058A200D0D33A /* ErrorScene */,
				EBC74AFA21B0239200D0D33A /* FirebaseScene */,
				EBC74AF921B0236600D0D33A /* LoginScene */,
				EB07BF2B21A7037600958158 /* AppDelegate.swift */,
				EB07BF2D21A7037600958158 /* ViewController.swift */,
				EB07BF2F21A7037600958158 /* Main.storyboard */,
				EB07BF3221A7037800958158 /* Assets.xcassets */,
				EB07BF3421A7037800958158 /* LaunchScreen.storyboard */,
				EB07BF3721A7037800958158 /* Info.plist */,
			);
			path = LoginModule;
			sourceTree = "<group>";
		};
		EB07BF3F21A7037800958158 /* LoginModuleTests */ = {
			isa = PBXGroup;
			children = (
				EB07BF4021A7037800958158 /* LoginModuleTests.swift */,
				EB07BF4221A7037800958158 /* Info.plist */,
			);
			path = LoginModuleTests;
			sourceTree = "<group>";
		};
		EB07BF4B21A8144100958158 /* Router */ = {
			isa = PBXGroup;
			children = (
				EB07BF5A21A8156200958158 /* LoginRouter.swift */,
			);
			path = Router;
			sourceTree = "<group>";
		};
		EB07BF4C21A8144D00958158 /* Entity */ = {
			isa = PBXGroup;
			children = (
				EB07BF5821A8155600958158 /* LoginEntities.swift */,
			);
			path = Entity;
			sourceTree = "<group>";
		};
		EB07BF4D21A8145700958158 /* Interactor */ = {
			isa = PBXGroup;
			children = (
				EB07BF5621A8154800958158 /* LoginInteractor.swift */,
			);
			path = Interactor;
			sourceTree = "<group>";
		};
		EB07BF4E21A8146100958158 /* Presenter */ = {
			isa = PBXGroup;
			children = (
				EB07BF5421A8153800958158 /* LoginPresenter.swift */,
			);
			path = Presenter;
			sourceTree = "<group>";
		};
		EB07BF4F21A8147100958158 /* View */ = {
			isa = PBXGroup;
			children = (
				EB07BF5221A8152800958158 /* LoginViewController.swift */,
				EB07BF5C21A8167F00958158 /* LoginViewController.xib */,
			);
			path = View;
			sourceTree = "<group>";
		};
		EB74111521ABFE5F0033A6F3 /* Resources */ = {
			isa = PBXGroup;
			children = (
				EB74111621ABFE5F0033A6F3 /* GoogleService-Info.plist */,
			);
			path = Resources;
			sourceTree = "<group>";
		};
		EBA0CE1221A847330090BB83 /* Entity */ = {
			isa = PBXGroup;
			children = (
				EB7C2C5E21AD96DB00CB9B70 /* LoginModel.swift */,
			);
			path = Entity;
			sourceTree = "<group>";
		};
		EBA0CE1321A847330090BB83 /* Interactor */ = {
			isa = PBXGroup;
			children = (
				EBA0CE1521A847460090BB83 /* FirebaseInteractor.swift */,
			);
			path = Interactor;
			sourceTree = "<group>";
		};
		EBA0CE1421A847330090BB83 /* Router */ = {
			isa = PBXGroup;
			children = (
				EBA0CE1721A847530090BB83 /* FirebaseRouter.swift */,
			);
			path = Router;
			sourceTree = "<group>";
		};
		EBA5C7A721B41AD900C18A28 /* Resources */ = {
			isa = PBXGroup;
			children = (
				EBA5C7A821B41AFD00C18A28 /* ErrorResources.swift */,
			);
			path = Resources;
			sourceTree = "<group>";
		};
		EBC74AF921B0236600D0D33A /* LoginScene */ = {
			isa = PBXGroup;
			children = (
				EB07BF5021A814B500958158 /* LoginProtocols.swift */,
				EB07BF4F21A8147100958158 /* View */,
				EB07BF4E21A8146100958158 /* Presenter */,
				EB07BF4D21A8145700958158 /* Interactor */,
				EB07BF4C21A8144D00958158 /* Entity */,
				EB07BF4B21A8144100958158 /* Router */,
				EBC74B2121B2EDB400D0D33A /* Resources */,
			);
			path = LoginScene;
			sourceTree = "<group>";
		};
		EBC74AFA21B0239200D0D33A /* FirebaseScene */ = {
			isa = PBXGroup;
			children = (
				EBA0CE1921A847620090BB83 /* FirebaseProtocols.swift */,
				EBA0CE1321A847330090BB83 /* Interactor */,
				EBA0CE1221A847330090BB83 /* Entity */,
				EBA0CE1421A847330090BB83 /* Router */,
				EB74111521ABFE5F0033A6F3 /* Resources */,
			);
			path = FirebaseScene;
			sourceTree = "<group>";
		};
		EBC74AFF21B058A200D0D33A /* ErrorScene */ = {
			isa = PBXGroup;
			children = (
				EBC74B0F21B05B4300D0D33A /* ErrorProtocols.swift */,
				EBC74B0421B0590C00D0D33A /* View */,
				EBC74B0321B0590200D0D33A /* Presenter */,
				EBC74B0221B058DC00D0D33A /* Entity */,
				EBC74B0021B058CD00D0D33A /* Router */,
				EBA5C7A721B41AD900C18A28 /* Resources */,
			);
			path = ErrorScene;
			sourceTree = "<group>";
		};
		EBC74B0021B058CD00D0D33A /* Router */ = {
			isa = PBXGroup;
			children = (
				EBC74B0B21B0597200D0D33A /* ErrorRouter.swift */,
			);
			path = Router;
			sourceTree = "<group>";
		};
		EBC74B0221B058DC00D0D33A /* Entity */ = {
			isa = PBXGroup;
			children = (
				EBC74B1121B05BD300D0D33A /* ErrorEntities.swift */,
			);
			path = Entity;
			sourceTree = "<group>";
		};
		EBC74B0321B0590200D0D33A /* Presenter */ = {
			isa = PBXGroup;
			children = (
				EBC74B0721B0595100D0D33A /* ErrorPresenter.swift */,
			);
			path = Presenter;
			sourceTree = "<group>";
		};
		EBC74B0421B0590C00D0D33A /* View */ = {
			isa = PBXGroup;
			children = (
				EBC74B0521B0594400D0D33A /* ErrorViewController.swift */,
				EBC74B0D21B059B400D0D33A /* ErrorViewController.xib */,
			);
			path = View;
			sourceTree = "<group>";
		};
		EBC74B2121B2EDB400D0D33A /* Resources */ = {
			isa = PBXGroup;
			children = (
				EBC74B2221B2EE1F00D0D33A /* LoginResources.swift */,
			);
			path = Resources;
			sourceTree = "<group>";
		};
/* End PBXGroup section */

/* Begin PBXNativeTarget section */
		EB07BF2721A7037600958158 /* LoginModule */ = {
			isa = PBXNativeTarget;
			buildConfigurationList = EB07BF4521A7037800958158 /* Build configuration list for PBXNativeTarget "LoginModule" */;
			buildPhases = (
				9F1F501A1C24BEFB6835F02D /* [CP] Check Pods Manifest.lock */,
				EB07BF2421A7037600958158 /* Sources */,
				EB07BF2521A7037600958158 /* Frameworks */,
				EB07BF2621A7037600958158 /* Resources */,
				3DDD9C2034107ED503A7A409 /* [CP] Embed Pods Frameworks */,
			);
			buildRules = (
			);
			dependencies = (
			);
			name = LoginModule;
			productName = LoginModule;
			productReference = EB07BF2821A7037600958158 /* LoginModule.app */;
			productType = "com.apple.product-type.application";
		};
		EB07BF3B21A7037800958158 /* LoginModuleTests */ = {
			isa = PBXNativeTarget;
			buildConfigurationList = EB07BF4821A7037800958158 /* Build configuration list for PBXNativeTarget "LoginModuleTests" */;
			buildPhases = (
				C108E236EA3FA1953FB95FC9 /* [CP] Check Pods Manifest.lock */,
				EB07BF3821A7037800958158 /* Sources */,
				EB07BF3921A7037800958158 /* Frameworks */,
				EB07BF3A21A7037800958158 /* Resources */,
			);
			buildRules = (
			);
			dependencies = (
				EB07BF3E21A7037800958158 /* PBXTargetDependency */,
			);
			name = LoginModuleTests;
			productName = LoginModuleTests;
			productReference = EB07BF3C21A7037800958158 /* LoginModuleTests.xctest */;
			productType = "com.apple.product-type.bundle.unit-test";
		};
/* End PBXNativeTarget section */

/* Begin PBXProject section */
		EB07BF2021A7037600958158 /* Project object */ = {
			isa = PBXProject;
			attributes = {
				LastSwiftUpdateCheck = 1010;
				LastUpgradeCheck = 1010;
				ORGANIZATIONNAME = "Sergio Garre";
				TargetAttributes = {
					EB07BF2721A7037600958158 = {
						CreatedOnToolsVersion = 10.1;
					};
					EB07BF3B21A7037800958158 = {
						CreatedOnToolsVersion = 10.1;
						TestTargetID = EB07BF2721A7037600958158;
					};
				};
			};
			buildConfigurationList = EB07BF2321A7037600958158 /* Build configuration list for PBXProject "LoginModule" */;
			compatibilityVersion = "Xcode 9.3";
			developmentRegion = en;
			hasScannedForEncodings = 0;
			knownRegions = (
				en,
				Base,
			);
			mainGroup = EB07BF1F21A7037600958158;
			productRefGroup = EB07BF2921A7037600958158 /* Products */;
			projectDirPath = "";
			projectRoot = "";
			targets = (
				EB07BF2721A7037600958158 /* LoginModule */,
				EB07BF3B21A7037800958158 /* LoginModuleTests */,
			);
		};
/* End PBXProject section */

/* Begin PBXResourcesBuildPhase section */
		EB07BF2621A7037600958158 /* Resources */ = {
			isa = PBXResourcesBuildPhase;
			buildActionMask = 2147483647;
			files = (
				EB07BF3621A7037800958158 /* LaunchScreen.storyboard in Resources */,
				EB07BF3321A7037800958158 /* Assets.xcassets in Resources */,
				EB74111721ABFE5F0033A6F3 /* GoogleService-Info.plist in Resources */,
				EBC74B0E21B059B400D0D33A /* ErrorViewController.xib in Resources */,
				EB07BF5D21A8167F00958158 /* LoginViewController.xib in Resources */,
				EB07BF3121A7037600958158 /* Main.storyboard in Resources */,
			);
			runOnlyForDeploymentPostprocessing = 0;
		};
		EB07BF3A21A7037800958158 /* Resources */ = {
			isa = PBXResourcesBuildPhase;
			buildActionMask = 2147483647;
			files = (
			);
			runOnlyForDeploymentPostprocessing = 0;
		};
/* End PBXResourcesBuildPhase section */

/* Begin PBXShellScriptBuildPhase section */
		3DDD9C2034107ED503A7A409 /* [CP] Embed Pods Frameworks */ = {
			isa = PBXShellScriptBuildPhase;
			buildActionMask = 2147483647;
			files = (
			);
			inputFileListPaths = (
			);
			inputPaths = (
				"${SRCROOT}/Pods/Target Support Files/Pods-LoginModule/Pods-LoginModule-frameworks.sh",
				"${BUILT_PRODUCTS_DIR}/GTMSessionFetcher/GTMSessionFetcher.framework",
				"${BUILT_PRODUCTS_DIR}/GoogleUtilities/GoogleUtilities.framework",
				"${BUILT_PRODUCTS_DIR}/leveldb-library/leveldb.framework",
				"${BUILT_PRODUCTS_DIR}/nanopb/nanopb.framework",
			);
			name = "[CP] Embed Pods Frameworks";
			outputFileListPaths = (
			);
			outputPaths = (
				"${TARGET_BUILD_DIR}/${FRAMEWORKS_FOLDER_PATH}/GTMSessionFetcher.framework",
				"${TARGET_BUILD_DIR}/${FRAMEWORKS_FOLDER_PATH}/GoogleUtilities.framework",
				"${TARGET_BUILD_DIR}/${FRAMEWORKS_FOLDER_PATH}/leveldb.framework",
				"${TARGET_BUILD_DIR}/${FRAMEWORKS_FOLDER_PATH}/nanopb.framework",
			);
			runOnlyForDeploymentPostprocessing = 0;
			shellPath = /bin/sh;
			shellScript = "\"${SRCROOT}/Pods/Target Support Files/Pods-LoginModule/Pods-LoginModule-frameworks.sh\"\n";
			showEnvVarsInLog = 0;
		};
		9F1F501A1C24BEFB6835F02D /* [CP] Check Pods Manifest.lock */ = {
			isa = PBXShellScriptBuildPhase;
			buildActionMask = 2147483647;
			files = (
			);
			inputFileListPaths = (
			);
			inputPaths = (
				"${PODS_PODFILE_DIR_PATH}/Podfile.lock",
				"${PODS_ROOT}/Manifest.lock",
			);
			name = "[CP] Check Pods Manifest.lock";
			outputFileListPaths = (
			);
			outputPaths = (
				"$(DERIVED_FILE_DIR)/Pods-LoginModule-checkManifestLockResult.txt",
			);
			runOnlyForDeploymentPostprocessing = 0;
			shellPath = /bin/sh;
			shellScript = "diff \"${PODS_PODFILE_DIR_PATH}/Podfile.lock\" \"${PODS_ROOT}/Manifest.lock\" > /dev/null\nif [ $? != 0 ] ; then\n    # print error to STDERR\n    echo \"error: The sandbox is not in sync with the Podfile.lock. Run 'pod install' or update your CocoaPods installation.\" >&2\n    exit 1\nfi\n# This output is used by Xcode 'outputs' to avoid re-running this script phase.\necho \"SUCCESS\" > \"${SCRIPT_OUTPUT_FILE_0}\"\n";
			showEnvVarsInLog = 0;
		};
		C108E236EA3FA1953FB95FC9 /* [CP] Check Pods Manifest.lock */ = {
			isa = PBXShellScriptBuildPhase;
			buildActionMask = 2147483647;
			files = (
			);
			inputFileListPaths = (
			);
			inputPaths = (
				"${PODS_PODFILE_DIR_PATH}/Podfile.lock",
				"${PODS_ROOT}/Manifest.lock",
			);
			name = "[CP] Check Pods Manifest.lock";
			outputFileListPaths = (
			);
			outputPaths = (
				"$(DERIVED_FILE_DIR)/Pods-LoginModuleTests-checkManifestLockResult.txt",
			);
			runOnlyForDeploymentPostprocessing = 0;
			shellPath = /bin/sh;
			shellScript = "diff \"${PODS_PODFILE_DIR_PATH}/Podfile.lock\" \"${PODS_ROOT}/Manifest.lock\" > /dev/null\nif [ $? != 0 ] ; then\n    # print error to STDERR\n    echo \"error: The sandbox is not in sync with the Podfile.lock. Run 'pod install' or update your CocoaPods installation.\" >&2\n    exit 1\nfi\n# This output is used by Xcode 'outputs' to avoid re-running this script phase.\necho \"SUCCESS\" > \"${SCRIPT_OUTPUT_FILE_0}\"\n";
			showEnvVarsInLog = 0;
		};
/* End PBXShellScriptBuildPhase section */

/* Begin PBXSourcesBuildPhase section */
		EB07BF2421A7037600958158 /* Sources */ = {
			isa = PBXSourcesBuildPhase;
			buildActionMask = 2147483647;
			files = (
				EBC74B0C21B0597200D0D33A /* ErrorRouter.swift in Sources */,
				EB07BF5121A814B500958158 /* LoginProtocols.swift in Sources */,
				EB07BF2E21A7037600958158 /* ViewController.swift in Sources */,
				EBC74B1221B05BD300D0D33A /* ErrorEntities.swift in Sources */,
				EB07BF5921A8155600958158 /* LoginEntities.swift in Sources */,
				EBA5C7A921B41AFD00C18A28 /* ErrorResources.swift in Sources */,
				EB07BF5721A8154800958158 /* LoginInteractor.swift in Sources */,
				EBA0CE1A21A847620090BB83 /* FirebaseProtocols.swift in Sources */,
				EBC74B1021B05B4300D0D33A /* ErrorProtocols.swift in Sources */,
				EB07BF5321A8152800958158 /* LoginViewController.swift in Sources */,
				EB07BF2C21A7037600958158 /* AppDelegate.swift in Sources */,
				EB07BF5B21A8156200958158 /* LoginRouter.swift in Sources */,
				EB7C2C5F21AD96DB00CB9B70 /* LoginModel.swift in Sources */,
				EBA0CE1821A847530090BB83 /* FirebaseRouter.swift in Sources */,
				EBC74B0821B0595100D0D33A /* ErrorPresenter.swift in Sources */,
				EBC74B0621B0594400D0D33A /* ErrorViewController.swift in Sources */,
				EBC74B2321B2EE1F00D0D33A /* LoginResources.swift in Sources */,
				EB07BF5521A8153800958158 /* LoginPresenter.swift in Sources */,
				EBA0CE1621A847460090BB83 /* FirebaseInteractor.swift in Sources */,
			);
			runOnlyForDeploymentPostprocessing = 0;
		};
		EB07BF3821A7037800958158 /* Sources */ = {
			isa = PBXSourcesBuildPhase;
			buildActionMask = 2147483647;
			files = (
				EB07BF4121A7037800958158 /* LoginModuleTests.swift in Sources */,
			);
			runOnlyForDeploymentPostprocessing = 0;
		};
/* End PBXSourcesBuildPhase section */

/* Begin PBXTargetDependency section */
		EB07BF3E21A7037800958158 /* PBXTargetDependency */ = {
			isa = PBXTargetDependency;
			target = EB07BF2721A7037600958158 /* LoginModule */;
			targetProxy = EB07BF3D21A7037800958158 /* PBXContainerItemProxy */;
		};
/* End PBXTargetDependency section */

/* Begin PBXVariantGroup section */
		EB07BF2F21A7037600958158 /* Main.storyboard */ = {
			isa = PBXVariantGroup;
			children = (
				EB07BF3021A7037600958158 /* Base */,
			);
			name = Main.storyboard;
			sourceTree = "<group>";
		};
		EB07BF3421A7037800958158 /* LaunchScreen.storyboard */ = {
			isa = PBXVariantGroup;
			children = (
				EB07BF3521A7037800958158 /* Base */,
			);
			name = LaunchScreen.storyboard;
			sourceTree = "<group>";
		};
/* End PBXVariantGroup section */

/* Begin XCBuildConfiguration section */
		EB07BF4321A7037800958158 /* Debug */ = {
			isa = XCBuildConfiguration;
			buildSettings = {
				ALWAYS_SEARCH_USER_PATHS = NO;
				CLANG_ANALYZER_NONNULL = YES;
				CLANG_ANALYZER_NUMBER_OBJECT_CONVERSION = YES_AGGRESSIVE;
				CLANG_CXX_LANGUAGE_STANDARD = "gnu++14";
				CLANG_CXX_LIBRARY = "libc++";
				CLANG_ENABLE_MODULES = YES;
				CLANG_ENABLE_OBJC_ARC = YES;
				CLANG_ENABLE_OBJC_WEAK = YES;
				CLANG_WARN_BLOCK_CAPTURE_AUTORELEASING = YES;
				CLANG_WARN_BOOL_CONVERSION = YES;
				CLANG_WARN_COMMA = YES;
				CLANG_WARN_CONSTANT_CONVERSION = YES;
				CLANG_WARN_DEPRECATED_OBJC_IMPLEMENTATIONS = YES;
				CLANG_WARN_DIRECT_OBJC_ISA_USAGE = YES_ERROR;
				CLANG_WARN_DOCUMENTATION_COMMENTS = YES;
				CLANG_WARN_EMPTY_BODY = YES;
				CLANG_WARN_ENUM_CONVERSION = YES;
				CLANG_WARN_INFINITE_RECURSION = YES;
				CLANG_WARN_INT_CONVERSION = YES;
				CLANG_WARN_NON_LITERAL_NULL_CONVERSION = YES;
				CLANG_WARN_OBJC_IMPLICIT_RETAIN_SELF = YES;
				CLANG_WARN_OBJC_LITERAL_CONVERSION = YES;
				CLANG_WARN_OBJC_ROOT_CLASS = YES_ERROR;
				CLANG_WARN_RANGE_LOOP_ANALYSIS = YES;
				CLANG_WARN_STRICT_PROTOTYPES = YES;
				CLANG_WARN_SUSPICIOUS_MOVE = YES;
				CLANG_WARN_UNGUARDED_AVAILABILITY = YES_AGGRESSIVE;
				CLANG_WARN_UNREACHABLE_CODE = YES;
				CLANG_WARN__DUPLICATE_METHOD_MATCH = YES;
				CODE_SIGN_IDENTITY = "iPhone Developer";
				COPY_PHASE_STRIP = NO;
				DEBUG_INFORMATION_FORMAT = dwarf;
				ENABLE_STRICT_OBJC_MSGSEND = YES;
				ENABLE_TESTABILITY = YES;
				GCC_C_LANGUAGE_STANDARD = gnu11;
				GCC_DYNAMIC_NO_PIC = NO;
				GCC_NO_COMMON_BLOCKS = YES;
				GCC_OPTIMIZATION_LEVEL = 0;
				GCC_PREPROCESSOR_DEFINITIONS = (
					"DEBUG=1",
					"$(inherited)",
				);
				GCC_WARN_64_TO_32_BIT_CONVERSION = YES;
				GCC_WARN_ABOUT_RETURN_TYPE = YES_ERROR;
				GCC_WARN_UNDECLARED_SELECTOR = YES;
				GCC_WARN_UNINITIALIZED_AUTOS = YES_AGGRESSIVE;
				GCC_WARN_UNUSED_FUNCTION = YES;
				GCC_WARN_UNUSED_VARIABLE = YES;
				IPHONEOS_DEPLOYMENT_TARGET = 12.1;
				MTL_ENABLE_DEBUG_INFO = INCLUDE_SOURCE;
				MTL_FAST_MATH = YES;
				ONLY_ACTIVE_ARCH = YES;
				SDKROOT = iphoneos;
				SWIFT_ACTIVE_COMPILATION_CONDITIONS = DEBUG;
				SWIFT_OPTIMIZATION_LEVEL = "-Onone";
			};
			name = Debug;
		};
		EB07BF4421A7037800958158 /* Release */ = {
			isa = XCBuildConfiguration;
			buildSettings = {
				ALWAYS_SEARCH_USER_PATHS = NO;
				CLANG_ANALYZER_NONNULL = YES;
				CLANG_ANALYZER_NUMBER_OBJECT_CONVERSION = YES_AGGRESSIVE;
				CLANG_CXX_LANGUAGE_STANDARD = "gnu++14";
				CLANG_CXX_LIBRARY = "libc++";
				CLANG_ENABLE_MODULES = YES;
				CLANG_ENABLE_OBJC_ARC = YES;
				CLANG_ENABLE_OBJC_WEAK = YES;
				CLANG_WARN_BLOCK_CAPTURE_AUTORELEASING = YES;
				CLANG_WARN_BOOL_CONVERSION = YES;
				CLANG_WARN_COMMA = YES;
				CLANG_WARN_CONSTANT_CONVERSION = YES;
				CLANG_WARN_DEPRECATED_OBJC_IMPLEMENTATIONS = YES;
				CLANG_WARN_DIRECT_OBJC_ISA_USAGE = YES_ERROR;
				CLANG_WARN_DOCUMENTATION_COMMENTS = YES;
				CLANG_WARN_EMPTY_BODY = YES;
				CLANG_WARN_ENUM_CONVERSION = YES;
				CLANG_WARN_INFINITE_RECURSION = YES;
				CLANG_WARN_INT_CONVERSION = YES;
				CLANG_WARN_NON_LITERAL_NULL_CONVERSION = YES;
				CLANG_WARN_OBJC_IMPLICIT_RETAIN_SELF = YES;
				CLANG_WARN_OBJC_LITERAL_CONVERSION = YES;
				CLANG_WARN_OBJC_ROOT_CLASS = YES_ERROR;
				CLANG_WARN_RANGE_LOOP_ANALYSIS = YES;
				CLANG_WARN_STRICT_PROTOTYPES = YES;
				CLANG_WARN_SUSPICIOUS_MOVE = YES;
				CLANG_WARN_UNGUARDED_AVAILABILITY = YES_AGGRESSIVE;
				CLANG_WARN_UNREACHABLE_CODE = YES;
				CLANG_WARN__DUPLICATE_METHOD_MATCH = YES;
				CODE_SIGN_IDENTITY = "iPhone Developer";
				COPY_PHASE_STRIP = NO;
				DEBUG_INFORMATION_FORMAT = "dwarf-with-dsym";
				ENABLE_NS_ASSERTIONS = NO;
				ENABLE_STRICT_OBJC_MSGSEND = YES;
				GCC_C_LANGUAGE_STANDARD = gnu11;
				GCC_NO_COMMON_BLOCKS = YES;
				GCC_WARN_64_TO_32_BIT_CONVERSION = YES;
				GCC_WARN_ABOUT_RETURN_TYPE = YES_ERROR;
				GCC_WARN_UNDECLARED_SELECTOR = YES;
				GCC_WARN_UNINITIALIZED_AUTOS = YES_AGGRESSIVE;
				GCC_WARN_UNUSED_FUNCTION = YES;
				GCC_WARN_UNUSED_VARIABLE = YES;
				IPHONEOS_DEPLOYMENT_TARGET = 12.1;
				MTL_ENABLE_DEBUG_INFO = NO;
				MTL_FAST_MATH = YES;
				SDKROOT = iphoneos;
				SWIFT_COMPILATION_MODE = wholemodule;
				SWIFT_OPTIMIZATION_LEVEL = "-O";
				VALIDATE_PRODUCT = YES;
			};
			name = Release;
		};
		EB07BF4621A7037800958158 /* Debug */ = {
			isa = XCBuildConfiguration;
			baseConfigurationReference = BD38DCA349A52B6B2F2AC680 /* Pods-LoginModule.debug.xcconfig */;
			buildSettings = {
				ASSETCATALOG_COMPILER_APPICON_NAME = AppIcon;
				CODE_SIGN_STYLE = Automatic;
				INFOPLIST_FILE = LoginModule/Info.plist;
				LD_RUNPATH_SEARCH_PATHS = (
					"$(inherited)",
					"@executable_path/Frameworks",
				);
				PRODUCT_BUNDLE_IDENTIFIER = com.sgr.login.module.LoginModule;
				PRODUCT_NAME = "$(TARGET_NAME)";
				SWIFT_VERSION = 4.2;
				TARGETED_DEVICE_FAMILY = "1,2";
			};
			name = Debug;
		};
		EB07BF4721A7037800958158 /* Release */ = {
			isa = XCBuildConfiguration;
			baseConfigurationReference = 638137B8B4E205DEA5C28392 /* Pods-LoginModule.release.xcconfig */;
			buildSettings = {
				ASSETCATALOG_COMPILER_APPICON_NAME = AppIcon;
				CODE_SIGN_STYLE = Automatic;
				INFOPLIST_FILE = LoginModule/Info.plist;
				LD_RUNPATH_SEARCH_PATHS = (
					"$(inherited)",
					"@executable_path/Frameworks",
				);
				PRODUCT_BUNDLE_IDENTIFIER = com.sgr.login.module.LoginModule;
				PRODUCT_NAME = "$(TARGET_NAME)";
				SWIFT_VERSION = 4.2;
				TARGETED_DEVICE_FAMILY = "1,2";
			};
			name = Release;
		};
		EB07BF4921A7037800958158 /* Debug */ = {
			isa = XCBuildConfiguration;
			baseConfigurationReference = 11FC3D12251F5BA94EBFC458 /* Pods-LoginModuleTests.debug.xcconfig */;
			buildSettings = {
				ALWAYS_EMBED_SWIFT_STANDARD_LIBRARIES = YES;
				BUNDLE_LOADER = "$(TEST_HOST)";
				CODE_SIGN_STYLE = Automatic;
				INFOPLIST_FILE = LoginModuleTests/Info.plist;
				LD_RUNPATH_SEARCH_PATHS = (
					"$(inherited)",
					"@executable_path/Frameworks",
					"@loader_path/Frameworks",
				);
				PRODUCT_BUNDLE_IDENTIFIER = com.sgr.login.module.LoginModuleTests;
				PRODUCT_NAME = "$(TARGET_NAME)";
				SWIFT_VERSION = 4.2;
				TARGETED_DEVICE_FAMILY = "1,2";
				TEST_HOST = "$(BUILT_PRODUCTS_DIR)/LoginModule.app/LoginModule";
			};
			name = Debug;
		};
		EB07BF4A21A7037800958158 /* Release */ = {
			isa = XCBuildConfiguration;
			baseConfigurationReference = 53D982C225BC01A634C019BC /* Pods-LoginModuleTests.release.xcconfig */;
			buildSettings = {
				ALWAYS_EMBED_SWIFT_STANDARD_LIBRARIES = YES;
				BUNDLE_LOADER = "$(TEST_HOST)";
				CODE_SIGN_STYLE = Automatic;
				INFOPLIST_FILE = LoginModuleTests/Info.plist;
				LD_RUNPATH_SEARCH_PATHS = (
					"$(inherited)",
					"@executable_path/Frameworks",
					"@loader_path/Frameworks",
				);
				PRODUCT_BUNDLE_IDENTIFIER = com.sgr.login.module.LoginModuleTests;
				PRODUCT_NAME = "$(TARGET_NAME)";
				SWIFT_VERSION = 4.2;
				TARGETED_DEVICE_FAMILY = "1,2";
				TEST_HOST = "$(BUILT_PRODUCTS_DIR)/LoginModule.app/LoginModule";
			};
			name = Release;
		};
/* End XCBuildConfiguration section */

/* Begin XCConfigurationList section */
		EB07BF2321A7037600958158 /* Build configuration list for PBXProject "LoginModule" */ = {
			isa = XCConfigurationList;
			buildConfigurations = (
				EB07BF4321A7037800958158 /* Debug */,
				EB07BF4421A7037800958158 /* Release */,
			);
			defaultConfigurationIsVisible = 0;
			defaultConfigurationName = Release;
		};
		EB07BF4521A7037800958158 /* Build configuration list for PBXNativeTarget "LoginModule" */ = {
			isa = XCConfigurationList;
			buildConfigurations = (
				EB07BF4621A7037800958158 /* Debug */,
				EB07BF4721A7037800958158 /* Release */,
			);
			defaultConfigurationIsVisible = 0;
			defaultConfigurationName = Release;
		};
		EB07BF4821A7037800958158 /* Build configuration list for PBXNativeTarget "LoginModuleTests" */ = {
			isa = XCConfigurationList;
			buildConfigurations = (
				EB07BF4921A7037800958158 /* Debug */,
				EB07BF4A21A7037800958158 /* Release */,
			);
			defaultConfigurationIsVisible = 0;
			defaultConfigurationName = Release;
		};
/* End XCConfigurationList section */
	};
	rootObject = EB07BF2021A7037600958158 /* Project object */;
}
